// !$*UTF8*$!
{
	archiveVersion = 1;
	classes = {
	};
	objectVersion = 46;
	objects = {

/* Begin PBXBuildFile section */
		AF171D3B1E7AAF670075C5F3 /* SwiftAlgorithmsAndDataStructuresDojo.framework in Frameworks */ = {isa = PBXBuildFile; fileRef = AF171D311E7AAF670075C5F3 /* SwiftAlgorithmsAndDataStructuresDojo.framework */; };
		AF171D401E7AAF670075C5F3 /* SwiftAlgorithmsAndDataStructuresDojoTests.swift in Sources */ = {isa = PBXBuildFile; fileRef = AF171D3F1E7AAF670075C5F3 /* SwiftAlgorithmsAndDataStructuresDojoTests.swift */; };
		AF171D421E7AAF670075C5F3 /* SwiftAlgorithmsAndDataStructuresDojo.h in Headers */ = {isa = PBXBuildFile; fileRef = AF171D341E7AAF670075C5F3 /* SwiftAlgorithmsAndDataStructuresDojo.h */; settings = {ATTRIBUTES = (Public, ); }; };
		AF171D4D1E7AB01A0075C5F3 /* LinkedList.swift in Sources */ = {isa = PBXBuildFile; fileRef = AF171D4C1E7AB01A0075C5F3 /* LinkedList.swift */; };
		AF72A18C1E7C8197007F8FA2 /* Queue.swift in Sources */ = {isa = PBXBuildFile; fileRef = AF72A18B1E7C8197007F8FA2 /* Queue.swift */; };
		AF72A18F1E7C8413007F8FA2 /* QueueTests.swift in Sources */ = {isa = PBXBuildFile; fileRef = AF72A18E1E7C8413007F8FA2 /* QueueTests.swift */; };
		AF72A1911E7C89BA007F8FA2 /* SimpleQueue.swift in Sources */ = {isa = PBXBuildFile; fileRef = AF72A1901E7C89BA007F8FA2 /* SimpleQueue.swift */; };
		AF72A1931E7C89F4007F8FA2 /* SimpleQueueTests.swift in Sources */ = {isa = PBXBuildFile; fileRef = AF72A1921E7C89F4007F8FA2 /* SimpleQueueTests.swift */; };
		AF72A1971E7C9285007F8FA2 /* Dequeue.swift in Sources */ = {isa = PBXBuildFile; fileRef = AF72A1951E7C9285007F8FA2 /* Dequeue.swift */; };
		AF72A1981E7C9285007F8FA2 /* SimpleDequeue.swift in Sources */ = {isa = PBXBuildFile; fileRef = AF72A1961E7C9285007F8FA2 /* SimpleDequeue.swift */; };
		AF72A19C1E7C928E007F8FA2 /* DequeueTests.swift in Sources */ = {isa = PBXBuildFile; fileRef = AF72A19A1E7C928E007F8FA2 /* DequeueTests.swift */; };
		AF72A19D1E7C928E007F8FA2 /* SimpleDequeueTests.swift in Sources */ = {isa = PBXBuildFile; fileRef = AF72A19B1E7C928E007F8FA2 /* SimpleDequeueTests.swift */; };
		AF97CC2F1E7FF3B9006A754D /* BinaryTree.swift in Sources */ = {isa = PBXBuildFile; fileRef = AF97CC2E1E7FF3B9006A754D /* BinaryTree.swift */; };
		AF97CC311E7FFE76006A754D /* BinaryTreeTests.swift in Sources */ = {isa = PBXBuildFile; fileRef = AF97CC301E7FFE76006A754D /* BinaryTreeTests.swift */; };
		AFD7EADD1E7C0629002069CD /* Stack.swift in Sources */ = {isa = PBXBuildFile; fileRef = AFD7EADC1E7C0629002069CD /* Stack.swift */; };
		AFD7EAE31E7C105B002069CD /* LinkedListTests.swift in Sources */ = {isa = PBXBuildFile; fileRef = AFD7EAE21E7C105B002069CD /* LinkedListTests.swift */; };
		AFD7EAE51E7C1143002069CD /* StackTests.swift in Sources */ = {isa = PBXBuildFile; fileRef = AFD7EAE41E7C1143002069CD /* StackTests.swift */; };
/* End PBXBuildFile section */

/* Begin PBXContainerItemProxy section */
		AF171D3C1E7AAF670075C5F3 /* PBXContainerItemProxy */ = {
			isa = PBXContainerItemProxy;
			containerPortal = AF171D281E7AAF670075C5F3 /* Project object */;
			proxyType = 1;
			remoteGlobalIDString = AF171D301E7AAF670075C5F3;
			remoteInfo = SwiftAlgorithmsAndDataStructuresDojo;
		};
/* End PBXContainerItemProxy section */

/* Begin PBXFileReference section */
		AF171D311E7AAF670075C5F3 /* SwiftAlgorithmsAndDataStructuresDojo.framework */ = {isa = PBXFileReference; explicitFileType = wrapper.framework; includeInIndex = 0; path = SwiftAlgorithmsAndDataStructuresDojo.framework; sourceTree = BUILT_PRODUCTS_DIR; };
		AF171D341E7AAF670075C5F3 /* SwiftAlgorithmsAndDataStructuresDojo.h */ = {isa = PBXFileReference; lastKnownFileType = sourcecode.c.h; path = SwiftAlgorithmsAndDataStructuresDojo.h; sourceTree = "<group>"; };
		AF171D351E7AAF670075C5F3 /* Info.plist */ = {isa = PBXFileReference; lastKnownFileType = text.plist.xml; path = Info.plist; sourceTree = "<group>"; };
		AF171D3A1E7AAF670075C5F3 /* SwiftAlgorithmsAndDataStructuresDojoTests.xctest */ = {isa = PBXFileReference; explicitFileType = wrapper.cfbundle; includeInIndex = 0; path = SwiftAlgorithmsAndDataStructuresDojoTests.xctest; sourceTree = BUILT_PRODUCTS_DIR; };
		AF171D3F1E7AAF670075C5F3 /* SwiftAlgorithmsAndDataStructuresDojoTests.swift */ = {isa = PBXFileReference; lastKnownFileType = sourcecode.swift; path = SwiftAlgorithmsAndDataStructuresDojoTests.swift; sourceTree = "<group>"; };
		AF171D411E7AAF670075C5F3 /* Info.plist */ = {isa = PBXFileReference; lastKnownFileType = text.plist.xml; path = Info.plist; sourceTree = "<group>"; };
		AF171D4C1E7AB01A0075C5F3 /* LinkedList.swift */ = {isa = PBXFileReference; fileEncoding = 4; lastKnownFileType = sourcecode.swift; path = LinkedList.swift; sourceTree = "<group>"; };
		AF171D551E7AB1100075C5F3 /* LinkedList.playground */ = {isa = PBXFileReference; lastKnownFileType = file.playground; path = LinkedList.playground; sourceTree = "<group>"; };
		AF72A18B1E7C8197007F8FA2 /* Queue.swift */ = {isa = PBXFileReference; fileEncoding = 4; lastKnownFileType = sourcecode.swift; path = Queue.swift; sourceTree = "<group>"; };
		AF72A18E1E7C8413007F8FA2 /* QueueTests.swift */ = {isa = PBXFileReference; fileEncoding = 4; lastKnownFileType = sourcecode.swift; path = QueueTests.swift; sourceTree = "<group>"; };
		AF72A1901E7C89BA007F8FA2 /* SimpleQueue.swift */ = {isa = PBXFileReference; fileEncoding = 4; lastKnownFileType = sourcecode.swift; path = SimpleQueue.swift; sourceTree = "<group>"; };
		AF72A1921E7C89F4007F8FA2 /* SimpleQueueTests.swift */ = {isa = PBXFileReference; fileEncoding = 4; lastKnownFileType = sourcecode.swift; path = SimpleQueueTests.swift; sourceTree = "<group>"; };
		AF72A1951E7C9285007F8FA2 /* Dequeue.swift */ = {isa = PBXFileReference; fileEncoding = 4; lastKnownFileType = sourcecode.swift; path = Dequeue.swift; sourceTree = "<group>"; };
		AF72A1961E7C9285007F8FA2 /* SimpleDequeue.swift */ = {isa = PBXFileReference; fileEncoding = 4; lastKnownFileType = sourcecode.swift; path = SimpleDequeue.swift; sourceTree = "<group>"; };
		AF72A19A1E7C928E007F8FA2 /* DequeueTests.swift */ = {isa = PBXFileReference; fileEncoding = 4; lastKnownFileType = sourcecode.swift; path = DequeueTests.swift; sourceTree = "<group>"; };
		AF72A19B1E7C928E007F8FA2 /* SimpleDequeueTests.swift */ = {isa = PBXFileReference; fileEncoding = 4; lastKnownFileType = sourcecode.swift; path = SimpleDequeueTests.swift; sourceTree = "<group>"; };
		AF97CC2E1E7FF3B9006A754D /* BinaryTree.swift */ = {isa = PBXFileReference; fileEncoding = 4; lastKnownFileType = sourcecode.swift; name = BinaryTree.swift; path = BinaryTree/BinaryTree.swift; sourceTree = "<group>"; };
		AF97CC301E7FFE76006A754D /* BinaryTreeTests.swift */ = {isa = PBXFileReference; fileEncoding = 4; lastKnownFileType = sourcecode.swift; name = BinaryTreeTests.swift; path = BinaryTree/BinaryTreeTests.swift; sourceTree = "<group>"; };
		AFD7EADC1E7C0629002069CD /* Stack.swift */ = {isa = PBXFileReference; fileEncoding = 4; lastKnownFileType = sourcecode.swift; name = Stack.swift; path = Stack/Stack.swift; sourceTree = "<group>"; };
		AFD7EAE21E7C105B002069CD /* LinkedListTests.swift */ = {isa = PBXFileReference; fileEncoding = 4; lastKnownFileType = sourcecode.swift; path = LinkedListTests.swift; sourceTree = "<group>"; };
		AFD7EAE41E7C1143002069CD /* StackTests.swift */ = {isa = PBXFileReference; fileEncoding = 4; lastKnownFileType = sourcecode.swift; name = StackTests.swift; path = Stack/StackTests.swift; sourceTree = "<group>"; };
/* End PBXFileReference section */

/* Begin PBXFrameworksBuildPhase section */
		AF171D2D1E7AAF670075C5F3 /* Frameworks */ = {
			isa = PBXFrameworksBuildPhase;
			buildActionMask = 2147483647;
			files = (
			);
			runOnlyForDeploymentPostprocessing = 0;
		};
		AF171D371E7AAF670075C5F3 /* Frameworks */ = {
			isa = PBXFrameworksBuildPhase;
			buildActionMask = 2147483647;
			files = (
				AF171D3B1E7AAF670075C5F3 /* SwiftAlgorithmsAndDataStructuresDojo.framework in Frameworks */,
			);
			runOnlyForDeploymentPostprocessing = 0;
		};
/* End PBXFrameworksBuildPhase section */

/* Begin PBXGroup section */
		AF171D271E7AAF670075C5F3 = {
			isa = PBXGroup;
			children = (
				AF171D331E7AAF670075C5F3 /* SwiftAlgorithmsAndDataStructuresDojo */,
				AF171D3E1E7AAF670075C5F3 /* SwiftAlgorithmsAndDataStructuresDojoTests */,
				AF171D321E7AAF670075C5F3 /* Products */,
			);
			sourceTree = "<group>";
		};
		AF171D321E7AAF670075C5F3 /* Products */ = {
			isa = PBXGroup;
			children = (
				AF171D311E7AAF670075C5F3 /* SwiftAlgorithmsAndDataStructuresDojo.framework */,
				AF171D3A1E7AAF670075C5F3 /* SwiftAlgorithmsAndDataStructuresDojoTests.xctest */,
			);
			name = Products;
			sourceTree = "<group>";
		};
		AF171D331E7AAF670075C5F3 /* SwiftAlgorithmsAndDataStructuresDojo */ = {
			isa = PBXGroup;
			children = (
				AF97CC2C1E7FF392006A754D /* BinaryTree */,
				AF72A1941E7C9285007F8FA2 /* Dequeue */,
				AF171D4B1E7AB01A0075C5F3 /* LinkedList */,
				AF72A18A1E7C8197007F8FA2 /* Queue */,
				AFD7EADB1E7C060C002069CD /* Stack */,
				AF171D341E7AAF670075C5F3 /* SwiftAlgorithmsAndDataStructuresDojo.h */,
				AF171D351E7AAF670075C5F3 /* Info.plist */,
			);
			path = SwiftAlgorithmsAndDataStructuresDojo;
			sourceTree = "<group>";
		};
		AF171D3E1E7AAF670075C5F3 /* SwiftAlgorithmsAndDataStructuresDojoTests */ = {
			isa = PBXGroup;
			children = (
				AF97CC2D1E7FF39E006A754D /* BinaryTree */,
				AF72A1991E7C928E007F8FA2 /* Dequeue */,
				AFD7EAE11E7C105B002069CD /* LinkedList */,
				AF72A18D1E7C8413007F8FA2 /* Queue */,
				AFD7EADE1E7C101E002069CD /* Stack */,
				AF171D3F1E7AAF670075C5F3 /* SwiftAlgorithmsAndDataStructuresDojoTests.swift */,
				AF171D411E7AAF670075C5F3 /* Info.plist */,
			);
			path = SwiftAlgorithmsAndDataStructuresDojoTests;
			sourceTree = "<group>";
		};
		AF171D4B1E7AB01A0075C5F3 /* LinkedList */ = {
			isa = PBXGroup;
			children = (
				AF171D4C1E7AB01A0075C5F3 /* LinkedList.swift */,
				AF171D551E7AB1100075C5F3 /* LinkedList.playground */,
			);
			path = LinkedList;
			sourceTree = "<group>";
		};
		AF72A18A1E7C8197007F8FA2 /* Queue */ = {
			isa = PBXGroup;
			children = (
				AF72A18B1E7C8197007F8FA2 /* Queue.swift */,
				AF72A1901E7C89BA007F8FA2 /* SimpleQueue.swift */,
			);
			path = Queue;
			sourceTree = "<group>";
		};
		AF72A18D1E7C8413007F8FA2 /* Queue */ = {
			isa = PBXGroup;
			children = (
				AF72A18E1E7C8413007F8FA2 /* QueueTests.swift */,
				AF72A1921E7C89F4007F8FA2 /* SimpleQueueTests.swift */,
			);
			path = Queue;
			sourceTree = "<group>";
		};
		AF72A1941E7C9285007F8FA2 /* Dequeue */ = {
			isa = PBXGroup;
			children = (
				AF72A1951E7C9285007F8FA2 /* Dequeue.swift */,
				AF72A1961E7C9285007F8FA2 /* SimpleDequeue.swift */,
			);
			path = Dequeue;
			sourceTree = "<group>";
		};
		AF72A1991E7C928E007F8FA2 /* Dequeue */ = {
			isa = PBXGroup;
			children = (
				AF72A19A1E7C928E007F8FA2 /* DequeueTests.swift */,
				AF72A19B1E7C928E007F8FA2 /* SimpleDequeueTests.swift */,
			);
			path = Dequeue;
			sourceTree = "<group>";
		};
		AF97CC2C1E7FF392006A754D /* BinaryTree */ = {
			isa = PBXGroup;
			children = (
				AF97CC2E1E7FF3B9006A754D /* BinaryTree.swift */,
			);
			name = BinaryTree;
			sourceTree = "<group>";
		};
		AF97CC2D1E7FF39E006A754D /* BinaryTree */ = {
			isa = PBXGroup;
			children = (
				AF97CC301E7FFE76006A754D /* BinaryTreeTests.swift */,
			);
			name = BinaryTree;
			sourceTree = "<group>";
		};
		AFD7EADB1E7C060C002069CD /* Stack */ = {
			isa = PBXGroup;
			children = (
				AFD7EADC1E7C0629002069CD /* Stack.swift */,
			);
			name = Stack;
			sourceTree = "<group>";
		};
		AFD7EADE1E7C101E002069CD /* Stack */ = {
			isa = PBXGroup;
			children = (
				AFD7EAE41E7C1143002069CD /* StackTests.swift */,
			);
			name = Stack;
			sourceTree = "<group>";
		};
		AFD7EAE11E7C105B002069CD /* LinkedList */ = {
			isa = PBXGroup;
			children = (
				AFD7EAE21E7C105B002069CD /* LinkedListTests.swift */,
			);
			path = LinkedList;
			sourceTree = "<group>";
		};
/* End PBXGroup section */

/* Begin PBXHeadersBuildPhase section */
		AF171D2E1E7AAF670075C5F3 /* Headers */ = {
			isa = PBXHeadersBuildPhase;
			buildActionMask = 2147483647;
			files = (
				AF171D421E7AAF670075C5F3 /* SwiftAlgorithmsAndDataStructuresDojo.h in Headers */,
			);
			runOnlyForDeploymentPostprocessing = 0;
		};
/* End PBXHeadersBuildPhase section */

/* Begin PBXNativeTarget section */
		AF171D301E7AAF670075C5F3 /* SwiftAlgorithmsAndDataStructuresDojo */ = {
			isa = PBXNativeTarget;
			buildConfigurationList = AF171D451E7AAF670075C5F3 /* Build configuration list for PBXNativeTarget "SwiftAlgorithmsAndDataStructuresDojo" */;
			buildPhases = (
				AF171D2C1E7AAF670075C5F3 /* Sources */,
				AF171D2D1E7AAF670075C5F3 /* Frameworks */,
				AF171D2E1E7AAF670075C5F3 /* Headers */,
				AF171D2F1E7AAF670075C5F3 /* Resources */,
			);
			buildRules = (
			);
			dependencies = (
			);
			name = SwiftAlgorithmsAndDataStructuresDojo;
			productName = SwiftAlgorithmsAndDataStructuresDojo;
			productReference = AF171D311E7AAF670075C5F3 /* SwiftAlgorithmsAndDataStructuresDojo.framework */;
			productType = "com.apple.product-type.framework";
		};
		AF171D391E7AAF670075C5F3 /* SwiftAlgorithmsAndDataStructuresDojoTests */ = {
			isa = PBXNativeTarget;
			buildConfigurationList = AF171D481E7AAF670075C5F3 /* Build configuration list for PBXNativeTarget "SwiftAlgorithmsAndDataStructuresDojoTests" */;
			buildPhases = (
				AF171D361E7AAF670075C5F3 /* Sources */,
				AF171D371E7AAF670075C5F3 /* Frameworks */,
				AF171D381E7AAF670075C5F3 /* Resources */,
			);
			buildRules = (
			);
			dependencies = (
				AF171D3D1E7AAF670075C5F3 /* PBXTargetDependency */,
			);
			name = SwiftAlgorithmsAndDataStructuresDojoTests;
			productName = SwiftAlgorithmsAndDataStructuresDojoTests;
			productReference = AF171D3A1E7AAF670075C5F3 /* SwiftAlgorithmsAndDataStructuresDojoTests.xctest */;
			productType = "com.apple.product-type.bundle.unit-test";
		};
/* End PBXNativeTarget section */

/* Begin PBXProject section */
		AF171D281E7AAF670075C5F3 /* Project object */ = {
			isa = PBXProject;
			attributes = {
				LastSwiftUpdateCheck = 0820;
				LastUpgradeCheck = 0820;
				TargetAttributes = {
					AF171D301E7AAF670075C5F3 = {
						CreatedOnToolsVersion = 8.2.1;
						DevelopmentTeam = F5KMDL9X5Y;
						ProvisioningStyle = Automatic;
					};
					AF171D391E7AAF670075C5F3 = {
						CreatedOnToolsVersion = 8.2.1;
						DevelopmentTeam = F5KMDL9X5Y;
						ProvisioningStyle = Automatic;
					};
				};
			};
			buildConfigurationList = AF171D2B1E7AAF670075C5F3 /* Build configuration list for PBXProject "SwiftAlgorithmsAndDataStructuresDojo" */;
			compatibilityVersion = "Xcode 3.2";
			developmentRegion = English;
			hasScannedForEncodings = 0;
			knownRegions = (
				en,
			);
			mainGroup = AF171D271E7AAF670075C5F3;
			productRefGroup = AF171D321E7AAF670075C5F3 /* Products */;
			projectDirPath = "";
			projectRoot = "";
			targets = (
				AF171D301E7AAF670075C5F3 /* SwiftAlgorithmsAndDataStructuresDojo */,
				AF171D391E7AAF670075C5F3 /* SwiftAlgorithmsAndDataStructuresDojoTests */,
			);
		};
/* End PBXProject section */

/* Begin PBXResourcesBuildPhase section */
		AF171D2F1E7AAF670075C5F3 /* Resources */ = {
			isa = PBXResourcesBuildPhase;
			buildActionMask = 2147483647;
			files = (
			);
			runOnlyForDeploymentPostprocessing = 0;
		};
		AF171D381E7AAF670075C5F3 /* Resources */ = {
			isa = PBXResourcesBuildPhase;
			buildActionMask = 2147483647;
			files = (
			);
			runOnlyForDeploymentPostprocessing = 0;
		};
/* End PBXResourcesBuildPhase section */

/* Begin PBXSourcesBuildPhase section */
		AF171D2C1E7AAF670075C5F3 /* Sources */ = {
			isa = PBXSourcesBuildPhase;
			buildActionMask = 2147483647;
			files = (
				AF72A1971E7C9285007F8FA2 /* Dequeue.swift in Sources */,
				AF97CC2F1E7FF3B9006A754D /* BinaryTree.swift in Sources */,
				AFD7EADD1E7C0629002069CD /* Stack.swift in Sources */,
				AF72A18C1E7C8197007F8FA2 /* Queue.swift in Sources */,
				AF171D4D1E7AB01A0075C5F3 /* LinkedList.swift in Sources */,
				AF72A1981E7C9285007F8FA2 /* SimpleDequeue.swift in Sources */,
				AF72A1911E7C89BA007F8FA2 /* SimpleQueue.swift in Sources */,
			);
			runOnlyForDeploymentPostprocessing = 0;
		};
		AF171D361E7AAF670075C5F3 /* Sources */ = {
			isa = PBXSourcesBuildPhase;
			buildActionMask = 2147483647;
			files = (
				AF97CC311E7FFE76006A754D /* BinaryTreeTests.swift in Sources */,
				AFD7EAE31E7C105B002069CD /* LinkedListTests.swift in Sources */,
				AF171D401E7AAF670075C5F3 /* SwiftAlgorithmsAndDataStructuresDojoTests.swift in Sources */,
				AF72A19C1E7C928E007F8FA2 /* DequeueTests.swift in Sources */,
				AF72A19D1E7C928E007F8FA2 /* SimpleDequeueTests.swift in Sources */,
				AFD7EAE51E7C1143002069CD /* StackTests.swift in Sources */,
				AF72A18F1E7C8413007F8FA2 /* QueueTests.swift in Sources */,
				AF72A1931E7C89F4007F8FA2 /* SimpleQueueTests.swift in Sources */,
			);
			runOnlyForDeploymentPostprocessing = 0;
		};
/* End PBXSourcesBuildPhase section */

/* Begin PBXTargetDependency section */
		AF171D3D1E7AAF670075C5F3 /* PBXTargetDependency */ = {
			isa = PBXTargetDependency;
			target = AF171D301E7AAF670075C5F3 /* SwiftAlgorithmsAndDataStructuresDojo */;
			targetProxy = AF171D3C1E7AAF670075C5F3 /* PBXContainerItemProxy */;
		};
/* End PBXTargetDependency section */

/* Begin XCBuildConfiguration section */
		AF171D431E7AAF670075C5F3 /* Debug */ = {
			isa = XCBuildConfiguration;
			buildSettings = {
				ALWAYS_SEARCH_USER_PATHS = NO;
				CLANG_ANALYZER_NONNULL = YES;
				CLANG_CXX_LANGUAGE_STANDARD = "gnu++0x";
				CLANG_CXX_LIBRARY = "libc++";
				CLANG_ENABLE_MODULES = YES;
				CLANG_ENABLE_OBJC_ARC = YES;
				CLANG_WARN_BOOL_CONVERSION = YES;
				CLANG_WARN_CONSTANT_CONVERSION = YES;
				CLANG_WARN_DIRECT_OBJC_ISA_USAGE = YES_ERROR;
				CLANG_WARN_DOCUMENTATION_COMMENTS = YES;
				CLANG_WARN_EMPTY_BODY = YES;
				CLANG_WARN_ENUM_CONVERSION = YES;
				CLANG_WARN_INFINITE_RECURSION = YES;
				CLANG_WARN_INT_CONVERSION = YES;
				CLANG_WARN_OBJC_ROOT_CLASS = YES_ERROR;
				CLANG_WARN_SUSPICIOUS_MOVE = YES;
				CLANG_WARN_UNREACHABLE_CODE = YES;
				CLANG_WARN__DUPLICATE_METHOD_MATCH = YES;
				"CODE_SIGN_IDENTITY[sdk=iphoneos*]" = "iPhone Developer";
				COPY_PHASE_STRIP = NO;
				CURRENT_PROJECT_VERSION = 1;
				DEBUG_INFORMATION_FORMAT = dwarf;
				ENABLE_STRICT_OBJC_MSGSEND = YES;
				ENABLE_TESTABILITY = YES;
				GCC_C_LANGUAGE_STANDARD = gnu99;
				GCC_DYNAMIC_NO_PIC = NO;
				GCC_NO_COMMON_BLOCKS = YES;
				GCC_OPTIMIZATION_LEVEL = 0;
				GCC_PREPROCESSOR_DEFINITIONS = (
					"DEBUG=1",
					"$(inherited)",
				);
				GCC_WARN_64_TO_32_BIT_CONVERSION = YES;
				GCC_WARN_ABOUT_RETURN_TYPE = YES_ERROR;
				GCC_WARN_UNDECLARED_SELECTOR = YES;
				GCC_WARN_UNINITIALIZED_AUTOS = YES_AGGRESSIVE;
				GCC_WARN_UNUSED_FUNCTION = YES;
				GCC_WARN_UNUSED_VARIABLE = YES;
				IPHONEOS_DEPLOYMENT_TARGET = 9.0;
				MTL_ENABLE_DEBUG_INFO = YES;
				ONLY_ACTIVE_ARCH = YES;
				SDKROOT = iphoneos;
				SWIFT_ACTIVE_COMPILATION_CONDITIONS = DEBUG;
				SWIFT_OPTIMIZATION_LEVEL = "-Onone";
				TARGETED_DEVICE_FAMILY = "1,2";
				VERSIONING_SYSTEM = "apple-generic";
				VERSION_INFO_PREFIX = "";
			};
			name = Debug;
		};
		AF171D441E7AAF670075C5F3 /* Release */ = {
			isa = XCBuildConfiguration;
			buildSettings = {
				ALWAYS_SEARCH_USER_PATHS = NO;
				CLANG_ANALYZER_NONNULL = YES;
				CLANG_CXX_LANGUAGE_STANDARD = "gnu++0x";
				CLANG_CXX_LIBRARY = "libc++";
				CLANG_ENABLE_MODULES = YES;
				CLANG_ENABLE_OBJC_ARC = YES;
				CLANG_WARN_BOOL_CONVERSION = YES;
				CLANG_WARN_CONSTANT_CONVERSION = YES;
				CLANG_WARN_DIRECT_OBJC_ISA_USAGE = YES_ERROR;
				CLANG_WARN_DOCUMENTATION_COMMENTS = YES;
				CLANG_WARN_EMPTY_BODY = YES;
				CLANG_WARN_ENUM_CONVERSION = YES;
				CLANG_WARN_INFINITE_RECURSION = YES;
				CLANG_WARN_INT_CONVERSION = YES;
				CLANG_WARN_OBJC_ROOT_CLASS = YES_ERROR;
				CLANG_WARN_SUSPICIOUS_MOVE = YES;
				CLANG_WARN_UNREACHABLE_CODE = YES;
				CLANG_WARN__DUPLICATE_METHOD_MATCH = YES;
				"CODE_SIGN_IDENTITY[sdk=iphoneos*]" = "iPhone Developer";
				COPY_PHASE_STRIP = NO;
				CURRENT_PROJECT_VERSION = 1;
				DEBUG_INFORMATION_FORMAT = "dwarf-with-dsym";
				ENABLE_NS_ASSERTIONS = NO;
				ENABLE_STRICT_OBJC_MSGSEND = YES;
				GCC_C_LANGUAGE_STANDARD = gnu99;
				GCC_NO_COMMON_BLOCKS = YES;
				GCC_WARN_64_TO_32_BIT_CONVERSION = YES;
				GCC_WARN_ABOUT_RETURN_TYPE = YES_ERROR;
				GCC_WARN_UNDECLARED_SELECTOR = YES;
				GCC_WARN_UNINITIALIZED_AUTOS = YES_AGGRESSIVE;
				GCC_WARN_UNUSED_FUNCTION = YES;
				GCC_WARN_UNUSED_VARIABLE = YES;
				IPHONEOS_DEPLOYMENT_TARGET = 9.0;
				MTL_ENABLE_DEBUG_INFO = NO;
				SDKROOT = iphoneos;
				SWIFT_OPTIMIZATION_LEVEL = "-Owholemodule";
				TARGETED_DEVICE_FAMILY = "1,2";
				VALIDATE_PRODUCT = YES;
				VERSIONING_SYSTEM = "apple-generic";
				VERSION_INFO_PREFIX = "";
			};
			name = Release;
		};
		AF171D461E7AAF670075C5F3 /* Debug */ = {
			isa = XCBuildConfiguration;
			buildSettings = {
				CODE_SIGN_IDENTITY = "";
				DEFINES_MODULE = YES;
				DEVELOPMENT_TEAM = F5KMDL9X5Y;
				DYLIB_COMPATIBILITY_VERSION = 1;
				DYLIB_CURRENT_VERSION = 1;
				DYLIB_INSTALL_NAME_BASE = "@rpath";
				INFOPLIST_FILE = SwiftAlgorithmsAndDataStructuresDojo/Info.plist;
				INSTALL_PATH = "$(LOCAL_LIBRARY_DIR)/Frameworks";
				LD_RUNPATH_SEARCH_PATHS = "$(inherited) @executable_path/Frameworks @loader_path/Frameworks";
				PRODUCT_BUNDLE_IDENTIFIER = com.aprearo.SwiftAlgorithmsAndDataStructuresDojo;
				PRODUCT_NAME = "$(TARGET_NAME)";
				SKIP_INSTALL = YES;
				SWIFT_VERSION = 3.0;
			};
			name = Debug;
		};
		AF171D471E7AAF670075C5F3 /* Release */ = {
			isa = XCBuildConfiguration;
			buildSettings = {
				CODE_SIGN_IDENTITY = "";
				DEFINES_MODULE = YES;
				DEVELOPMENT_TEAM = F5KMDL9X5Y;
				DYLIB_COMPATIBILITY_VERSION = 1;
				DYLIB_CURRENT_VERSION = 1;
				DYLIB_INSTALL_NAME_BASE = "@rpath";
				INFOPLIST_FILE = SwiftAlgorithmsAndDataStructuresDojo/Info.plist;
				INSTALL_PATH = "$(LOCAL_LIBRARY_DIR)/Frameworks";
				LD_RUNPATH_SEARCH_PATHS = "$(inherited) @executable_path/Frameworks @loader_path/Frameworks";
				PRODUCT_BUNDLE_IDENTIFIER = com.aprearo.SwiftAlgorithmsAndDataStructuresDojo;
				PRODUCT_NAME = "$(TARGET_NAME)";
				SKIP_INSTALL = YES;
				SWIFT_VERSION = 3.0;
			};
			name = Release;
		};
		AF171D491E7AAF670075C5F3 /* Debug */ = {
			isa = XCBuildConfiguration;
			buildSettings = {
				ALWAYS_EMBED_SWIFT_STANDARD_LIBRARIES = YES;
				DEVELOPMENT_TEAM = F5KMDL9X5Y;
				INFOPLIST_FILE = SwiftAlgorithmsAndDataStructuresDojoTests/Info.plist;
				LD_RUNPATH_SEARCH_PATHS = "$(inherited) @executable_path/Frameworks @loader_path/Frameworks";
				PRODUCT_BUNDLE_IDENTIFIER = com.aprearo.SwiftAlgorithmsAndDataStructuresDojoTests;
				PRODUCT_NAME = "$(TARGET_NAME)";
				SWIFT_VERSION = 3.0;
			};
			name = Debug;
		};
		AF171D4A1E7AAF670075C5F3 /* Release */ = {
			isa = XCBuildConfiguration;
			buildSettings = {
				ALWAYS_EMBED_SWIFT_STANDARD_LIBRARIES = YES;
				DEVELOPMENT_TEAM = F5KMDL9X5Y;
				INFOPLIST_FILE = SwiftAlgorithmsAndDataStructuresDojoTests/Info.plist;
				LD_RUNPATH_SEARCH_PATHS = "$(inherited) @executable_path/Frameworks @loader_path/Frameworks";
				PRODUCT_BUNDLE_IDENTIFIER = com.aprearo.SwiftAlgorithmsAndDataStructuresDojoTests;
				PRODUCT_NAME = "$(TARGET_NAME)";
				SWIFT_VERSION = 3.0;
			};
			name = Release;
		};
/* End XCBuildConfiguration section */

/* Begin XCConfigurationList section */
		AF171D2B1E7AAF670075C5F3 /* Build configuration list for PBXProject "SwiftAlgorithmsAndDataStructuresDojo" */ = {
			isa = XCConfigurationList;
			buildConfigurations = (
				AF171D431E7AAF670075C5F3 /* Debug */,
				AF171D441E7AAF670075C5F3 /* Release */,
			);
			defaultConfigurationIsVisible = 0;
			defaultConfigurationName = Release;
		};
		AF171D451E7AAF670075C5F3 /* Build configuration list for PBXNativeTarget "SwiftAlgorithmsAndDataStructuresDojo" */ = {
			isa = XCConfigurationList;
			buildConfigurations = (
				AF171D461E7AAF670075C5F3 /* Debug */,
				AF171D471E7AAF670075C5F3 /* Release */,
			);
			defaultConfigurationIsVisible = 0;
			defaultConfigurationName = Release;
		};
		AF171D481E7AAF670075C5F3 /* Build configuration list for PBXNativeTarget "SwiftAlgorithmsAndDataStructuresDojoTests" */ = {
			isa = XCConfigurationList;
			buildConfigurations = (
				AF171D491E7AAF670075C5F3 /* Debug */,
				AF171D4A1E7AAF670075C5F3 /* Release */,
			);
			defaultConfigurationIsVisible = 0;
			defaultConfigurationName = Release;
		};
/* End XCConfigurationList section */
	};
	rootObject = AF171D281E7AAF670075C5F3 /* Project object */;
}
